
Microsoft Visual Studio Solution File, Format Version 12.00
# Visual Studio Version 16
VisualStudioVersion = 16.0.30804.86
MinimumVisualStudioVersion = 10.0.40219.1
Project("{FAE04EC0-301F-11D3-BF4B-00C04F79EFBC}") = "Weather.Android", "Weather\Weather.Android\Weather.Android.csproj", "{1337990F-AD71-42D1-A00B-6908B8604709}"
EndProject
Project("{FAE04EC0-301F-11D3-BF4B-00C04F79EFBC}") = "Weather.iOS", "Weather\Weather.iOS\Weather.iOS.csproj", "{9C2FF6E4-D2FE-4B76-ADF3-3F9D093A939F}"
EndProject
Project("{FAE04EC0-301F-11D3-BF4B-00C04F79EFBC}") = "Weather", "Weather\Weather\Weather.csproj", "{75FA17AE-DC4A-40A9-A846-930B526CB014}"
EndProject
Global
	GlobalSection(SolutionConfigurationPlatforms) = preSolution
		Debug|Any CPU = Debug|Any CPU
		Debug|iPhone = Debug|iPhone
		Debug|iPhoneSimulator = Debug|iPhoneSimulator
		Release|Any CPU = Release|Any CPU
		Release|iPhone = Release|iPhone
		Release|iPhoneSimulator = Release|iPhoneSimulator
	EndGlobalSection
	GlobalSection(ProjectConfigurationPlatforms) = postSolution
		{1337990F-AD71-42D1-A00B-6908B8604709}.Debug|Any CPU.ActiveCfg = Debug|Any CPU
		{1337990F-AD71-42D1-A00B-6908B8604709}.Debug|Any CPU.Build.0 = Debug|Any CPU
		{1337990F-AD71-42D1-A00B-6908B8604709}.Debug|Any CPU.Deploy.0 = Debug|Any CPU
		{1337990F-AD71-42D1-A00B-6908B8604709}.Debug|iPhone.ActiveCfg = Debug|Any CPU
		{1337990F-AD71-42D1-A00B-6908B8604709}.Debug|iPhone.Build.0 = Debug|Any CPU
		{1337990F-AD71-42D1-A00B-6908B8604709}.Debug|iPhone.Deploy.0 = Debug|Any CPU
		{1337990F-AD71-42D1-A00B-6908B8604709}.Debug|iPhoneSimulator.ActiveCfg = Debug|Any CPU
		{1337990F-AD71-42D1-A00B-6908B8604709}.Debug|iPhoneSimulator.Build.0 = Debug|Any CPU
		{1337990F-AD71-42D1-A00B-6908B8604709}.Debug|iPhoneSimulator.Deploy.0 = Debug|Any CPU
		{1337990F-AD71-42D1-A00B-6908B8604709}.Release|Any CPU.ActiveCfg = Release|Any CPU
		{1337990F-AD71-42D1-A00B-6908B8604709}.Release|Any CPU.Build.0 = Release|Any CPU
		{1337990F-AD71-42D1-A00B-6908B8604709}.Release|Any CPU.Deploy.0 = Release|Any CPU
		{1337990F-AD71-42D1-A00B-6908B8604709}.Release|iPhone.ActiveCfg = Release|Any CPU
		{1337990F-AD71-42D1-A00B-6908B8604709}.Release|iPhone.Build.0 = Release|Any CPU
		{1337990F-AD71-42D1-A00B-6908B8604709}.Release|iPhone.Deploy.0 = Release|Any CPU
		{1337990F-AD71-42D1-A00B-6908B8604709}.Release|iPhoneSimulator.ActiveCfg = Release|Any CPU
		{1337990F-AD71-42D1-A00B-6908B8604709}.Release|iPhoneSimulator.Build.0 = Release|Any CPU
		{1337990F-AD71-42D1-A00B-6908B8604709}.Release|iPhoneSimulator.Deploy.0 = Release|Any CPU
		{9C2FF6E4-D2FE-4B76-ADF3-3F9D093A939F}.Debug|Any CPU.ActiveCfg = Debug|iPhone
		{9C2FF6E4-D2FE-4B76-ADF3-3F9D093A939F}.Debug|Any CPU.Build.0 = Debug|iPhone
		{9C2FF6E4-D2FE-4B76-ADF3-3F9D093A939F}.Debug|Any CPU.Deploy.0 = Debug|iPhone
		{9C2FF6E4-D2FE-4B76-ADF3-3F9D093A939F}.Debug|iPhone.ActiveCfg = Debug|iPhone
		{9C2FF6E4-D2FE-4B76-ADF3-3F9D093A939F}.Debug|iPhone.Build.0 = Debug|iPhone
		{9C2FF6E4-D2FE-4B76-ADF3-3F9D093A939F}.Debug|iPhone.Deploy.0 = Debug|iPhone
		{9C2FF6E4-D2FE-4B76-ADF3-3F9D093A939F}.Debug|iPhoneSimulator.ActiveCfg = Debug|iPhoneSimulator
		{9C2FF6E4-D2FE-4B76-ADF3-3F9D093A939F}.Debug|iPhoneSimulator.Build.0 = Debug|iPhoneSimulator
		{9C2FF6E4-D2FE-4B76-ADF3-3F9D093A939F}.Debug|iPhoneSimulator.Deploy.0 = Debug|iPhoneSimulator
		{9C2FF6E4-D2FE-4B76-ADF3-3F9D093A939F}.Release|Any CPU.ActiveCfg = Release|iPhoneSimulator
		{9C2FF6E4-D2FE-4B76-ADF3-3F9D093A939F}.Release|Any CPU.Build.0 = Release|iPhoneSimulator
		{9C2FF6E4-D2FE-4B76-ADF3-3F9D093A939F}.Release|Any CPU.Deploy.0 = Release|iPhoneSimulator
		{9C2FF6E4-D2FE-4B76-ADF3-3F9D093A939F}.Release|iPhone.ActiveCfg = Release|iPhone
		{9C2FF6E4-D2FE-4B76-ADF3-3F9D093A939F}.Release|iPhone.Build.0 = Release|iPhone
		{9C2FF6E4-D2FE-4B76-ADF3-3F9D093A939F}.Release|iPhone.Deploy.0 = Release|iPhone
		{9C2FF6E4-D2FE-4B76-ADF3-3F9D093A939F}.Release|iPhoneSimulator.ActiveCfg = Release|iPhoneSimulator
		{9C2FF6E4-D2FE-4B76-ADF3-3F9D093A939F}.Release|iPhoneSimulator.Build.0 = Release|iPhoneSimulator
		{9C2FF6E4-D2FE-4B76-ADF3-3F9D093A939F}.Release|iPhoneSimulator.Deploy.0 = Release|iPhoneSimulator
		{75FA17AE-DC4A-40A9-A846-930B526CB014}.Debug|Any CPU.ActiveCfg = Debug|Any CPU
		{75FA17AE-DC4A-40A9-A846-930B526CB014}.Debug|Any CPU.Build.0 = Debug|Any CPU
		{75FA17AE-DC4A-40A9-A846-930B526CB014}.Debug|Any CPU.Deploy.0 = Debug|Any CPU
		{75FA17AE-DC4A-40A9-A846-930B526CB014}.Debug|iPhone.ActiveCfg = Debug|Any CPU
		{75FA17AE-DC4A-40A9-A846-930B526CB014}.Debug|iPhone.Build.0 = Debug|Any CPU
		{75FA17AE-DC4A-40A9-A846-930B526CB014}.Debug|iPhone.Deploy.0 = Debug|Any CPU
		{75FA17AE-DC4A-40A9-A846-930B526CB014}.Debug|iPhoneSimulator.ActiveCfg = Debug|Any CPU
		{75FA17AE-DC4A-40A9-A846-930B526CB014}.Debug|iPhoneSimulator.Build.0 = Debug|Any CPU
		{75FA17AE-DC4A-40A9-A846-930B526CB014}.Debug|iPhoneSimulator.Deploy.0 = Debug|Any CPU
		{75FA17AE-DC4A-40A9-A846-930B526CB014}.Release|Any CPU.ActiveCfg = Release|Any CPU
		{75FA17AE-DC4A-40A9-A846-930B526CB014}.Release|Any CPU.Build.0 = Release|Any CPU
		{75FA17AE-DC4A-40A9-A846-930B526CB014}.Release|Any CPU.Deploy.0 = Release|Any CPU
		{75FA17AE-DC4A-40A9-A846-930B526CB014}.Release|iPhone.ActiveCfg = Release|Any CPU
		{75FA17AE-DC4A-40A9-A846-930B526CB014}.Release|iPhone.Build.0 = Release|Any CPU
		{75FA17AE-DC4A-40A9-A846-930B526CB014}.Release|iPhone.Deploy.0 = Release|Any CPU
		{75FA17AE-DC4A-40A9-A846-930B526CB014}.Release|iPhoneSimulator.ActiveCfg = Release|Any CPU
		{75FA17AE-DC4A-40A9-A846-930B526CB014}.Release|iPhoneSimulator.Build.0 = Release|Any CPU
		{75FA17AE-DC4A-40A9-A846-930B526CB014}.Release|iPhoneSimulator.Deploy.0 = Release|Any CPU
	EndGlobalSection
	GlobalSection(SolutionProperties) = preSolution
		HideSolutionNode = FALSE
	EndGlobalSection
	GlobalSection(ExtensibilityGlobals) = postSolution
		SolutionGuid = {CBBC64E7-D5C1-4302-AEAC-2A24BE20C746}
	EndGlobalSection
EndGlobal
